// !$*UTF8*$!
{
	archiveVersion = 1;
	classes = {
	};
	objectVersion = 52;
	objects = {

/* Begin PBXBuildFile section */
		457E87F325E646EC00F4D28F /* AppDelegate.swift in Sources */ = {isa = PBXBuildFile; fileRef = 457E87F225E646EC00F4D28F /* AppDelegate.swift */; };
		457E87F525E646EC00F4D28F /* SceneDelegate.swift in Sources */ = {isa = PBXBuildFile; fileRef = 457E87F425E646EC00F4D28F /* SceneDelegate.swift */; };
		457E87F725E646EC00F4D28F /* ViewController.swift in Sources */ = {isa = PBXBuildFile; fileRef = 457E87F625E646EC00F4D28F /* ViewController.swift */; };
		457E87FA25E646EC00F4D28F /* Main.storyboard in Resources */ = {isa = PBXBuildFile; fileRef = 457E87F825E646EC00F4D28F /* Main.storyboard */; };
		457E87FD25E646EC00F4D28F /* FlickrProject.xcdatamodeld in Sources */ = {isa = PBXBuildFile; fileRef = 457E87FB25E646EC00F4D28F /* FlickrProject.xcdatamodeld */; };
		457E87FF25E646EE00F4D28F /* Assets.xcassets in Resources */ = {isa = PBXBuildFile; fileRef = 457E87FE25E646EE00F4D28F /* Assets.xcassets */; };
		457E880225E646EE00F4D28F /* LaunchScreen.storyboard in Resources */ = {isa = PBXBuildFile; fileRef = 457E880025E646EE00F4D28F /* LaunchScreen.storyboard */; };
		457E880B25E6475800F4D28F /* Model.swift in Sources */ = {isa = PBXBuildFile; fileRef = 457E880A25E6475800F4D28F /* Model.swift */; };
		457E881225E653C100F4D28F /* SearchViewController.swift in Sources */ = {isa = PBXBuildFile; fileRef = 457E881125E653C100F4D28F /* SearchViewController.swift */; };
		457E881525E6541D00F4D28F /* ImageCollectionViewCell.swift in Sources */ = {isa = PBXBuildFile; fileRef = 457E881425E6541D00F4D28F /* ImageCollectionViewCell.swift */; };
		457E881C25E69D7800F4D28F /* Network.swift in Sources */ = {isa = PBXBuildFile; fileRef = 457E881B25E69D7800F4D28F /* Network.swift */; };
		457E882025E6A29900F4D28F /* BuildFile in Frameworks */ = {isa = PBXBuildFile; productRef = 457E881F25E6A29900F4D28F /* SwiftPackageProductDependency */; };
		718C09BA7EF74296929F7D1F /* Pods_FlickrProject.framework in Frameworks */ = {isa = PBXBuildFile; fileRef = 2289B8E5DE631A603207C2EA /* Pods_FlickrProject.framework */; };
/* End PBXBuildFile section */

/* Begin PBXFileReference section */
		2289B8E5DE631A603207C2EA /* Pods_FlickrProject.framework */ = {isa = PBXFileReference; explicitFileType = wrapper.framework; includeInIndex = 0; path = Pods_FlickrProject.framework; sourceTree = BUILT_PRODUCTS_DIR; };
		457E87EF25E646EC00F4D28F /* FlickrProject.app */ = {isa = PBXFileReference; explicitFileType = wrapper.application; includeInIndex = 0; path = FlickrProject.app; sourceTree = BUILT_PRODUCTS_DIR; };
		457E87F225E646EC00F4D28F /* AppDelegate.swift */ = {isa = PBXFileReference; lastKnownFileType = sourcecode.swift; path = AppDelegate.swift; sourceTree = "<group>"; };
		457E87F425E646EC00F4D28F /* SceneDelegate.swift */ = {isa = PBXFileReference; lastKnownFileType = sourcecode.swift; path = SceneDelegate.swift; sourceTree = "<group>"; };
		457E87F625E646EC00F4D28F /* ViewController.swift */ = {isa = PBXFileReference; lastKnownFileType = sourcecode.swift; path = ViewController.swift; sourceTree = "<group>"; };
		457E87F925E646EC00F4D28F /* Base */ = {isa = PBXFileReference; lastKnownFileType = file.storyboard; name = Base; path = Base.lproj/Main.storyboard; sourceTree = "<group>"; };
		457E87FC25E646EC00F4D28F /* FlickrProject.xcdatamodel */ = {isa = PBXFileReference; lastKnownFileType = wrapper.xcdatamodel; path = FlickrProject.xcdatamodel; sourceTree = "<group>"; };
		457E87FE25E646EE00F4D28F /* Assets.xcassets */ = {isa = PBXFileReference; lastKnownFileType = folder.assetcatalog; path = Assets.xcassets; sourceTree = "<group>"; };
		457E880125E646EE00F4D28F /* Base */ = {isa = PBXFileReference; lastKnownFileType = file.storyboard; name = Base; path = Base.lproj/LaunchScreen.storyboard; sourceTree = "<group>"; };
		457E880325E646EE00F4D28F /* Info.plist */ = {isa = PBXFileReference; lastKnownFileType = text.plist.xml; path = Info.plist; sourceTree = "<group>"; };
		457E880A25E6475800F4D28F /* Model.swift */ = {isa = PBXFileReference; lastKnownFileType = sourcecode.swift; path = Model.swift; sourceTree = "<group>"; };
		457E881125E653C100F4D28F /* SearchViewController.swift */ = {isa = PBXFileReference; lastKnownFileType = sourcecode.swift; path = SearchViewController.swift; sourceTree = "<group>"; };
		457E881425E6541D00F4D28F /* ImageCollectionViewCell.swift */ = {isa = PBXFileReference; lastKnownFileType = sourcecode.swift; path = ImageCollectionViewCell.swift; sourceTree = "<group>"; };
		457E881B25E69D7800F4D28F /* Network.swift */ = {isa = PBXFileReference; lastKnownFileType = sourcecode.swift; path = Network.swift; sourceTree = "<group>"; };
		47FF45E140E7ECF95A5A123D /* Pods-FlickrProject.release.xcconfig */ = {isa = PBXFileReference; includeInIndex = 1; lastKnownFileType = text.xcconfig; name = "Pods-FlickrProject.release.xcconfig"; path = "Target Support Files/Pods-FlickrProject/Pods-FlickrProject.release.xcconfig"; sourceTree = "<group>"; };
		B1538C6AB625572AB6B50527 /* Pods-FlickrProject.debug.xcconfig */ = {isa = PBXFileReference; includeInIndex = 1; lastKnownFileType = text.xcconfig; name = "Pods-FlickrProject.debug.xcconfig"; path = "Target Support Files/Pods-FlickrProject/Pods-FlickrProject.debug.xcconfig"; sourceTree = "<group>"; };
/* End PBXFileReference section */

/* Begin PBXFrameworksBuildPhase section */
		457E87EC25E646EC00F4D28F /* Frameworks */ = {
			isa = PBXFrameworksBuildPhase;
			buildActionMask = 2147483647;
			files = (
				457E882025E6A29900F4D28F /* BuildFile in Frameworks */,
				718C09BA7EF74296929F7D1F /* Pods_FlickrProject.framework in Frameworks */,
			);
			runOnlyForDeploymentPostprocessing = 0;
		};
/* End PBXFrameworksBuildPhase section */

/* Begin PBXGroup section */
		457E87E625E646EC00F4D28F = {
			isa = PBXGroup;
			children = (
				457E87F125E646EC00F4D28F /* FlickrProject */,
				457E87F025E646EC00F4D28F /* Products */,
				531CC7A09A3DB75CB6B0FA1E /* Pods */,
				B221A8C9A19712E79E43694A /* Frameworks */,
			);
			sourceTree = "<group>";
		};
		457E87F025E646EC00F4D28F /* Products */ = {
			isa = PBXGroup;
			children = (
				457E87EF25E646EC00F4D28F /* FlickrProject.app */,
			);
			name = Products;
			sourceTree = "<group>";
		};
		457E87F125E646EC00F4D28F /* FlickrProject */ = {
			isa = PBXGroup;
			children = (
				457E87F225E646EC00F4D28F /* AppDelegate.swift */,
				457E87F425E646EC00F4D28F /* SceneDelegate.swift */,
				457E87F625E646EC00F4D28F /* ViewController.swift */,
				457E881125E653C100F4D28F /* SearchViewController.swift */,
				457E881B25E69D7800F4D28F /* Network.swift */,
				457E87F825E646EC00F4D28F /* Main.storyboard */,
				457E881425E6541D00F4D28F /* ImageCollectionViewCell.swift */,
				457E880A25E6475800F4D28F /* Model.swift */,
				457E87FE25E646EE00F4D28F /* Assets.xcassets */,
				457E880025E646EE00F4D28F /* LaunchScreen.storyboard */,
				457E880325E646EE00F4D28F /* Info.plist */,
				457E87FB25E646EC00F4D28F /* FlickrProject.xcdatamodeld */,
			);
			path = FlickrProject;
			sourceTree = "<group>";
		};
		531CC7A09A3DB75CB6B0FA1E /* Pods */ = {
			isa = PBXGroup;
			children = (
				B1538C6AB625572AB6B50527 /* Pods-FlickrProject.debug.xcconfig */,
				47FF45E140E7ECF95A5A123D /* Pods-FlickrProject.release.xcconfig */,
			);
			name = Pods;
			path = Pods;
			sourceTree = "<group>";
		};
		B221A8C9A19712E79E43694A /* Frameworks */ = {
			isa = PBXGroup;
			children = (
				2289B8E5DE631A603207C2EA /* Pods_FlickrProject.framework */,
			);
			name = Frameworks;
			sourceTree = "<group>";
		};
/* End PBXGroup section */

/* Begin PBXNativeTarget section */
		457E87EE25E646EC00F4D28F /* FlickrProject */ = {
			isa = PBXNativeTarget;
			buildConfigurationList = 457E880625E646EE00F4D28F /* Build configuration list for PBXNativeTarget "FlickrProject" */;
			buildPhases = (
				9E79039D036F5933209D45E9 /* [CP] Check Pods Manifest.lock */,
				457E87EB25E646EC00F4D28F /* Sources */,
				457E87EC25E646EC00F4D28F /* Frameworks */,
				457E87ED25E646EC00F4D28F /* Resources */,
				DDB9D89A2CBE5EF9802CDAA7 /* [CP] Embed Pods Frameworks */,
			);
			buildRules = (
			);
			dependencies = (
			);
			name = FlickrProject;
			packageProductDependencies = (
				457E881F25E6A29900F4D28F /* SwiftPackageProductDependency */,
			);
			productName = FlickrProject;
			productReference = 457E87EF25E646EC00F4D28F /* FlickrProject.app */;
			productType = "com.apple.product-type.application";
		};
/* End PBXNativeTarget section */

/* Begin PBXProject section */
		457E87E725E646EC00F4D28F /* Project object */ = {
			isa = PBXProject;
			attributes = {
				LastSwiftUpdateCheck = 1220;
				LastUpgradeCheck = 1220;
				TargetAttributes = {
					457E87EE25E646EC00F4D28F = {
						CreatedOnToolsVersion = 12.2;
					};
				};
			};
			buildConfigurationList = 457E87EA25E646EC00F4D28F /* Build configuration list for PBXProject "FlickrProject" */;
			compatibilityVersion = "Xcode 9.3";
			developmentRegion = en;
			hasScannedForEncodings = 0;
			knownRegions = (
				en,
				Base,
			);
			mainGroup = 457E87E625E646EC00F4D28F;
			packageReferences = (
				457E881E25E6A29900F4D28F /* RemoteSwiftPackageReference */,
			);
			productRefGroup = 457E87F025E646EC00F4D28F /* Products */;
			projectDirPath = "";
			projectRoot = "";
			targets = (
				457E87EE25E646EC00F4D28F /* FlickrProject */,
			);
		};
/* End PBXProject section */

/* Begin PBXResourcesBuildPhase section */
		457E87ED25E646EC00F4D28F /* Resources */ = {
			isa = PBXResourcesBuildPhase;
			buildActionMask = 2147483647;
			files = (
				457E880225E646EE00F4D28F /* LaunchScreen.storyboard in Resources */,
				457E87FF25E646EE00F4D28F /* Assets.xcassets in Resources */,
				457E87FA25E646EC00F4D28F /* Main.storyboard in Resources */,
			);
			runOnlyForDeploymentPostprocessing = 0;
		};
/* End PBXResourcesBuildPhase section */

/* Begin PBXShellScriptBuildPhase section */
		9E79039D036F5933209D45E9 /* [CP] Check Pods Manifest.lock */ = {
			isa = PBXShellScriptBuildPhase;
			buildActionMask = 2147483647;
			files = (
			);
			inputFileListPaths = (
			);
			inputPaths = (
				"${PODS_PODFILE_DIR_PATH}/Podfile.lock",
				"${PODS_ROOT}/Manifest.lock",
			);
			name = "[CP] Check Pods Manifest.lock";
			outputFileListPaths = (
			);
			outputPaths = (
				"$(DERIVED_FILE_DIR)/Pods-FlickrProject-checkManifestLockResult.txt",
			);
			runOnlyForDeploymentPostprocessing = 0;
			shellPath = /bin/sh;
			shellScript = "diff \"${PODS_PODFILE_DIR_PATH}/Podfile.lock\" \"${PODS_ROOT}/Manifest.lock\" > /dev/null\nif [ $? != 0 ] ; then\n    # print error to STDERR\n    echo \"error: The sandbox is not in sync with the Podfile.lock. Run 'pod install' or update your CocoaPods installation.\" >&2\n    exit 1\nfi\n# This output is used by Xcode 'outputs' to avoid re-running this script phase.\necho \"SUCCESS\" > \"${SCRIPT_OUTPUT_FILE_0}\"\n";
			showEnvVarsInLog = 0;
		};
		DDB9D89A2CBE5EF9802CDAA7 /* [CP] Embed Pods Frameworks */ = {
			isa = PBXShellScriptBuildPhase;
			buildActionMask = 2147483647;
			files = (
			);
			inputFileListPaths = (
				"${PODS_ROOT}/Target Support Files/Pods-FlickrProject/Pods-FlickrProject-frameworks-${CONFIGURATION}-input-files.xcfilelist",
			);
			name = "[CP] Embed Pods Frameworks";
			outputFileListPaths = (
				"${PODS_ROOT}/Target Support Files/Pods-FlickrProject/Pods-FlickrProject-frameworks-${CONFIGURATION}-output-files.xcfilelist",
			);
			runOnlyForDeploymentPostprocessing = 0;
			shellPath = /bin/sh;
			shellScript = "\"${PODS_ROOT}/Target Support Files/Pods-FlickrProject/Pods-FlickrProject-frameworks.sh\"\n";
			showEnvVarsInLog = 0;
		};
/* End PBXShellScriptBuildPhase section */

/* Begin PBXSourcesBuildPhase section */
		457E87EB25E646EC00F4D28F /* Sources */ = {
			isa = PBXSourcesBuildPhase;
			buildActionMask = 2147483647;
			files = (
				457E881225E653C100F4D28F /* SearchViewController.swift in Sources */,
				457E880B25E6475800F4D28F /* Model.swift in Sources */,
				457E881C25E69D7800F4D28F /* Network.swift in Sources */,
				457E87FD25E646EC00F4D28F /* FlickrProject.xcdatamodeld in Sources */,
				457E881525E6541D00F4D28F /* ImageCollectionViewCell.swift in Sources */,
				457E87F725E646EC00F4D28F /* ViewController.swift in Sources */,
				457E87F325E646EC00F4D28F /* AppDelegate.swift in Sources */,
				457E87F525E646EC00F4D28F /* SceneDelegate.swift in Sources */,
			);
			runOnlyForDeploymentPostprocessing = 0;
		};
/* End PBXSourcesBuildPhase section */

/* Begin PBXVariantGroup section */
		457E87F825E646EC00F4D28F /* Main.storyboard */ = {
			isa = PBXVariantGroup;
			children = (
				457E87F925E646EC00F4D28F /* Base */,
			);
			name = Main.storyboard;
			sourceTree = "<group>";
		};
		457E880025E646EE00F4D28F /* LaunchScreen.storyboard */ = {
			isa = PBXVariantGroup;
			children = (
				457E880125E646EE00F4D28F /* Base */,
			);
			name = LaunchScreen.storyboard;
			sourceTree = "<group>";
		};
/* End PBXVariantGroup section */

/* Begin XCBuildConfiguration section */
		457E880425E646EE00F4D28F /* Debug */ = {
			isa = XCBuildConfiguration;
			buildSettings = {
				ALWAYS_SEARCH_USER_PATHS = NO;
				CLANG_ANALYZER_NONNULL = YES;
				CLANG_ANALYZER_NUMBER_OBJECT_CONVERSION = YES_AGGRESSIVE;
				CLANG_CXX_LANGUAGE_STANDARD = "gnu++14";
				CLANG_CXX_LIBRARY = "libc++";
				CLANG_ENABLE_MODULES = YES;
				CLANG_ENABLE_OBJC_ARC = YES;
				CLANG_ENABLE_OBJC_WEAK = YES;
				CLANG_WARN_BLOCK_CAPTURE_AUTORELEASING = YES;
				CLANG_WARN_BOOL_CONVERSION = YES;
				CLANG_WARN_COMMA = YES;
				CLANG_WARN_CONSTANT_CONVERSION = YES;
				CLANG_WARN_DEPRECATED_OBJC_IMPLEMENTATIONS = YES;
				CLANG_WARN_DIRECT_OBJC_ISA_USAGE = YES_ERROR;
				CLANG_WARN_DOCUMENTATION_COMMENTS = YES;
				CLANG_WARN_EMPTY_BODY = YES;
				CLANG_WARN_ENUM_CONVERSION = YES;
				CLANG_WARN_INFINITE_RECURSION = YES;
				CLANG_WARN_INT_CONVERSION = YES;
				CLANG_WARN_NON_LITERAL_NULL_CONVERSION = YES;
				CLANG_WARN_OBJC_IMPLICIT_RETAIN_SELF = YES;
				CLANG_WARN_OBJC_LITERAL_CONVERSION = YES;
				CLANG_WARN_OBJC_ROOT_CLASS = YES_ERROR;
				CLANG_WARN_QUOTED_INCLUDE_IN_FRAMEWORK_HEADER = YES;
				CLANG_WARN_RANGE_LOOP_ANALYSIS = YES;
				CLANG_WARN_STRICT_PROTOTYPES = YES;
				CLANG_WARN_SUSPICIOUS_MOVE = YES;
				CLANG_WARN_UNGUARDED_AVAILABILITY = YES_AGGRESSIVE;
				CLANG_WARN_UNREACHABLE_CODE = YES;
				CLANG_WARN__DUPLICATE_METHOD_MATCH = YES;
				COPY_PHASE_STRIP = NO;
				DEBUG_INFORMATION_FORMAT = dwarf;
				ENABLE_STRICT_OBJC_MSGSEND = YES;
				ENABLE_TESTABILITY = YES;
				GCC_C_LANGUAGE_STANDARD = gnu11;
				GCC_DYNAMIC_NO_PIC = NO;
				GCC_NO_COMMON_BLOCKS = YES;
				GCC_OPTIMIZATION_LEVEL = 0;
				GCC_PREPROCESSOR_DEFINITIONS = (
					"DEBUG=1",
					"$(inherited)",
				);
				GCC_WARN_64_TO_32_BIT_CONVERSION = YES;
				GCC_WARN_ABOUT_RETURN_TYPE = YES_ERROR;
				GCC_WARN_UNDECLARED_SELECTOR = YES;
				GCC_WARN_UNINITIALIZED_AUTOS = YES_AGGRESSIVE;
				GCC_WARN_UNUSED_FUNCTION = YES;
				GCC_WARN_UNUSED_VARIABLE = YES;
				IPHONEOS_DEPLOYMENT_TARGET = 14.2;
				MTL_ENABLE_DEBUG_INFO = INCLUDE_SOURCE;
				MTL_FAST_MATH = YES;
				ONLY_ACTIVE_ARCH = YES;
				SDKROOT = iphoneos;
				SWIFT_ACTIVE_COMPILATION_CONDITIONS = DEBUG;
				SWIFT_OPTIMIZATION_LEVEL = "-Onone";
			};
			name = Debug;
		};
		457E880525E646EE00F4D28F /* Release */ = {
			isa = XCBuildConfiguration;
			buildSettings = {
				ALWAYS_SEARCH_USER_PATHS = NO;
				CLANG_ANALYZER_NONNULL = YES;
				CLANG_ANALYZER_NUMBER_OBJECT_CONVERSION = YES_AGGRESSIVE;
				CLANG_CXX_LANGUAGE_STANDARD = "gnu++14";
				CLANG_CXX_LIBRARY = "libc++";
				CLANG_ENABLE_MODULES = YES;
				CLANG_ENABLE_OBJC_ARC = YES;
				CLANG_ENABLE_OBJC_WEAK = YES;
				CLANG_WARN_BLOCK_CAPTURE_AUTORELEASING = YES;
				CLANG_WARN_BOOL_CONVERSION = YES;
				CLANG_WARN_COMMA = YES;
				CLANG_WARN_CONSTANT_CONVERSION = YES;
				CLANG_WARN_DEPRECATED_OBJC_IMPLEMENTATIONS = YES;
				CLANG_WARN_DIRECT_OBJC_ISA_USAGE = YES_ERROR;
				CLANG_WARN_DOCUMENTATION_COMMENTS = YES;
				CLANG_WARN_EMPTY_BODY = YES;
				CLANG_WARN_ENUM_CONVERSION = YES;
				CLANG_WARN_INFINITE_RECURSION = YES;
				CLANG_WARN_INT_CONVERSION = YES;
				CLANG_WARN_NON_LITERAL_NULL_CONVERSION = YES;
				CLANG_WARN_OBJC_IMPLICIT_RETAIN_SELF = YES;
				CLANG_WARN_OBJC_LITERAL_CONVERSION = YES;
				CLANG_WARN_OBJC_ROOT_CLASS = YES_ERROR;
				CLANG_WARN_QUOTED_INCLUDE_IN_FRAMEWORK_HEADER = YES;
				CLANG_WARN_RANGE_LOOP_ANALYSIS = YES;
				CLANG_WARN_STRICT_PROTOTYPES = YES;
				CLANG_WARN_SUSPICIOUS_MOVE = YES;
				CLANG_WARN_UNGUARDED_AVAILABILITY = YES_AGGRESSIVE;
				CLANG_WARN_UNREACHABLE_CODE = YES;
				CLANG_WARN__DUPLICATE_METHOD_MATCH = YES;
				COPY_PHASE_STRIP = NO;
				DEBUG_INFORMATION_FORMAT = "dwarf-with-dsym";
				ENABLE_NS_ASSERTIONS = NO;
				ENABLE_STRICT_OBJC_MSGSEND = YES;
				GCC_C_LANGUAGE_STANDARD = gnu11;
				GCC_NO_COMMON_BLOCKS = YES;
				GCC_WARN_64_TO_32_BIT_CONVERSION = YES;
				GCC_WARN_ABOUT_RETURN_TYPE = YES_ERROR;
				GCC_WARN_UNDECLARED_SELECTOR = YES;
				GCC_WARN_UNINITIALIZED_AUTOS = YES_AGGRESSIVE;
				GCC_WARN_UNUSED_FUNCTION = YES;
				GCC_WARN_UNUSED_VARIABLE = YES;
				IPHONEOS_DEPLOYMENT_TARGET = 14.2;
				MTL_ENABLE_DEBUG_INFO = NO;
				MTL_FAST_MATH = YES;
				SDKROOT = iphoneos;
				SWIFT_COMPILATION_MODE = wholemodule;
				SWIFT_OPTIMIZATION_LEVEL = "-O";
				VALIDATE_PRODUCT = YES;
			};
			name = Release;
		};
		457E880725E646EE00F4D28F /* Debug */ = {
			isa = XCBuildConfiguration;
			baseConfigurationReference = B1538C6AB625572AB6B50527 /* Pods-FlickrProject.debug.xcconfig */;
			buildSettings = {
				ASSETCATALOG_COMPILER_APPICON_NAME = AppIcon;
				ASSETCATALOG_COMPILER_GLOBAL_ACCENT_COLOR_NAME = AccentColor;
				CODE_SIGN_STYLE = Automatic;
				DEVELOPMENT_TEAM = 97D8WZ992M;
				INFOPLIST_FILE = FlickrProject/Info.plist;
				LD_RUNPATH_SEARCH_PATHS = (
					"$(inherited)",
					"@executable_path/Frameworks",
				);
				PRODUCT_BUNDLE_IDENTIFIER = com.max.FlickrProject;
				PRODUCT_NAME = "$(TARGET_NAME)";
				SWIFT_VERSION = 5.0;
				TARGETED_DEVICE_FAMILY = "1,2";
			};
			name = Debug;
		};
		457E880825E646EE00F4D28F /* Release */ = {
			isa = XCBuildConfiguration;
			baseConfigurationReference = 47FF45E140E7ECF95A5A123D /* Pods-FlickrProject.release.xcconfig */;
			buildSettings = {
				ASSETCATALOG_COMPILER_APPICON_NAME = AppIcon;
				ASSETCATALOG_COMPILER_GLOBAL_ACCENT_COLOR_NAME = AccentColor;
				CODE_SIGN_STYLE = Automatic;
				DEVELOPMENT_TEAM = 97D8WZ992M;
				INFOPLIST_FILE = FlickrProject/Info.plist;
				LD_RUNPATH_SEARCH_PATHS = (
					"$(inherited)",
					"@executable_path/Frameworks",
				);
				PRODUCT_BUNDLE_IDENTIFIER = com.max.FlickrProject;
				PRODUCT_NAME = "$(TARGET_NAME)";
				SWIFT_VERSION = 5.0;
				TARGETED_DEVICE_FAMILY = "1,2";
			};
			name = Release;
		};
/* End XCBuildConfiguration section */

/* Begin XCConfigurationList section */
		457E87EA25E646EC00F4D28F /* Build configuration list for PBXProject "FlickrProject" */ = {
			isa = XCConfigurationList;
			buildConfigurations = (
				457E880425E646EE00F4D28F /* Debug */,
				457E880525E646EE00F4D28F /* Release */,
			);
			defaultConfigurationIsVisible = 0;
			defaultConfigurationName = Release;
		};
		457E880625E646EE00F4D28F /* Build configuration list for PBXNativeTarget "FlickrProject" */ = {
			isa = XCConfigurationList;
			buildConfigurations = (
				457E880725E646EE00F4D28F /* Debug */,
				457E880825E646EE00F4D28F /* Release */,
			);
			defaultConfigurationIsVisible = 0;
			defaultConfigurationName = Release;
		};
/* End XCConfigurationList section */

/* Begin XCRemoteSwiftPackageReference section */
		457E881E25E6A29900F4D28F /* RemoteSwiftPackageReference */ = {
			isa = XCRemoteSwiftPackageReference;
			repositoryURL = "https://github.com/onevcat/Kingfisher.git";
			requirement = {
				kind = upToNextMajorVersion;
				minimumVersion = 6.1.1;
			};
		};
/* End XCRemoteSwiftPackageReference section */

/* Begin XCSwiftPackageProductDependency section */
		457E881F25E6A29900F4D28F /* SwiftPackageProductDependency */ = {
			isa = XCSwiftPackageProductDependency;
			package = 457E881E25E6A29900F4D28F /* RemoteSwiftPackageReference */;
			productName = Kingfisher;
		};
/* End XCSwiftPackageProductDependency section */

/* Begin XCVersionGroup section */
		457E87FB25E646EC00F4D28F /* FlickrProject.xcdatamodeld */ = {
			isa = XCVersionGroup;
			children = (
				457E87FC25E646EC00F4D28F /* FlickrProject.xcdatamodel */,
			);
			currentVersion = 457E87FC25E646EC00F4D28F /* FlickrProject.xcdatamodel */;
			path = FlickrProject.xcdatamodeld;
			sourceTree = "<group>";
			versionGroupType = wrapper.xcdatamodel;
		};
/* End XCVersionGroup section */
	};
	rootObject = 457E87E725E646EC00F4D28F /* Project object */;
}
